<?xml version="1.0" encoding="utf-8"?>
<Project ToolsVersion="4.0" xmlns="http://schemas.microsoft.com/developer/msbuild/2003">
  <ItemGroup>
    <Filter Include="소스 파일">
      <UniqueIdentifier>{4FC737F1-C7A5-4376-A066-2A32D752A2FF}</UniqueIdentifier>
      <Extensions>cpp;c;cc;cxx;c++;cppm;ixx;def;odl;idl;hpj;bat;asm;asmx</Extensions>
    </Filter>
    <Filter Include="헤더 파일">
      <UniqueIdentifier>{93995380-89BD-4b04-88EB-625FBE52EBFB}</UniqueIdentifier>
      <Extensions>h;hh;hpp;hxx;h++;hm;inl;inc;ipp;xsd</Extensions>
    </Filter>
    <Filter Include="리소스 파일">
      <UniqueIdentifier>{67DA6AB6-F800-4c08-8B7A-83BB121AAD01}</UniqueIdentifier>
      <Extensions>rc;ico;cur;bmp;dlg;rc2;rct;bin;rgs;gif;jpg;jpeg;jpe;resx;tiff;tif;png;wav;mfcribbon-ms</Extensions>
    </Filter>
    <Filter Include="소스 파일\Lexer">
      <UniqueIdentifier>{be2cb9a1-66e2-4297-bd12-5744b69fb2e9}</UniqueIdentifier>
    </Filter>
    <Filter Include="소스 파일\CodeGenerator">
      <UniqueIdentifier>{20f73e11-0a2b-482c-93a0-e42ee34ac8e3}</UniqueIdentifier>
    </Filter>
    <Filter Include="소스 파일\Element">
      <UniqueIdentifier>{c1953c28-fa25-4a63-9ba1-339e5090b78b}</UniqueIdentifier>
    </Filter>
    <Filter Include="소스 파일\Parser">
      <UniqueIdentifier>{d3cca130-d4de-4292-85a6-0201b6be9d32}</UniqueIdentifier>
    </Filter>
    <Filter Include="소스 파일\Parser\ParseTreeNode">
      <UniqueIdentifier>{84e65dab-147e-436f-bdd6-8538bac36e19}</UniqueIdentifier>
    </Filter>
    <Filter Include="소스 파일\SemanticAnalyzer">
      <UniqueIdentifier>{aff0d7a3-d13a-4ce4-a2a5-017cae675d28}</UniqueIdentifier>
    </Filter>
    <Filter Include="소스 파일\SourceReader">
      <UniqueIdentifier>{13609eb1-cfc0-493f-b0bc-34f4f19a15a9}</UniqueIdentifier>
    </Filter>
    <Filter Include="PCH">
      <UniqueIdentifier>{b2f913d7-b86f-4743-95a3-7feefaf0c34d}</UniqueIdentifier>
    </Filter>
    <Filter Include="헤더 파일\CodeGenerator">
      <UniqueIdentifier>{beb241fc-0179-4a73-8935-6115604150f4}</UniqueIdentifier>
    </Filter>
    <Filter Include="헤더 파일\Parser">
      <UniqueIdentifier>{e416405e-faea-4b51-ad73-148fdafdf651}</UniqueIdentifier>
    </Filter>
    <Filter Include="헤더 파일\Parser\ParseTree">
      <UniqueIdentifier>{a938fc9c-a0b0-420d-951d-526082f47cf9}</UniqueIdentifier>
    </Filter>
    <Filter Include="헤더 파일\Lexer">
      <UniqueIdentifier>{f4f6230a-837b-4113-a234-492177f7353f}</UniqueIdentifier>
    </Filter>
    <Filter Include="헤더 파일\Element">
      <UniqueIdentifier>{078e624b-c313-40b9-be9a-56efab1626cb}</UniqueIdentifier>
    </Filter>
    <Filter Include="헤더 파일\SourceReader">
      <UniqueIdentifier>{210a5fb5-d998-4ca7-9beb-75353a8936e0}</UniqueIdentifier>
    </Filter>
    <Filter Include="헤더 파일\SemanticAnalyzer">
      <UniqueIdentifier>{2bb9123d-abeb-4f67-9937-f03dc1757199}</UniqueIdentifier>
    </Filter>
    <Filter Include="헤더 파일\Parser\ParseTree\Declaration">
      <UniqueIdentifier>{3c69ae84-a8b8-431f-b8d9-663cd4019108}</UniqueIdentifier>
    </Filter>
    <Filter Include="소스 파일\Parser\ParseTreeNode\Declaration">
      <UniqueIdentifier>{c9eb3467-0263-4e0b-99e4-c12ee8d43768}</UniqueIdentifier>
    </Filter>
    <Filter Include="소스 파일\Parser\ParseTreeNode\Inner">
      <UniqueIdentifier>{ea0c6bd4-859c-4c13-a528-e62d07e29060}</UniqueIdentifier>
    </Filter>
    <Filter Include="헤더 파일\Parser\ParseTree\Inner">
      <UniqueIdentifier>{02610162-94d8-4009-bb2f-ba2a68d0c48b}</UniqueIdentifier>
    </Filter>
    <Filter Include="소스 파일\Parser\ParseTreeNode\Expression">
      <UniqueIdentifier>{fac809b8-d03a-463b-b28f-b2b6566c2ecb}</UniqueIdentifier>
    </Filter>
    <Filter Include="헤더 파일\Parser\ParseTree\Expression">
      <UniqueIdentifier>{e78360c0-905d-4cc7-b649-51210086ae37}</UniqueIdentifier>
    </Filter>
    <Filter Include="헤더 파일\SemanticAnalyzer\Graph">
      <UniqueIdentifier>{a90e698a-7948-4b03-a8c8-5544e138d451}</UniqueIdentifier>
    </Filter>
    <Filter Include="소스 파일\SemanticAnalyzer\Graph">
      <UniqueIdentifier>{7a6e82d0-0e32-40cc-9f68-32160c800baa}</UniqueIdentifier>
    </Filter>
  </ItemGroup>
  <ItemGroup>
    <ClCompile Include="main.cpp">
      <Filter>소스 파일</Filter>
    </ClCompile>
    <ClCompile Include="Lexer.cpp">
      <Filter>소스 파일\Lexer</Filter>
    </ClCompile>
    <ClCompile Include="CodeGenerator.cpp">
      <Filter>소스 파일\CodeGenerator</Filter>
    </ClCompile>
    <ClCompile Include="Parser.cpp">
      <Filter>소스 파일\Parser</Filter>
    </ClCompile>
    <ClCompile Include="ParseTreeNode.cpp">
      <Filter>소스 파일\Parser\ParseTreeNode</Filter>
    </ClCompile>
    <ClCompile Include="ProgramNode.cpp">
      <Filter>소스 파일\Parser\ParseTreeNode</Filter>
    </ClCompile>
    <ClCompile Include="SemanticAnalyzer.cpp">
      <Filter>소스 파일\SemanticAnalyzer</Filter>
    </ClCompile>
    <ClCompile Include="SymbolTable.cpp">
      <Filter>소스 파일\Element</Filter>
    </ClCompile>
    <ClCompile Include="Token.cpp">
      <Filter>소스 파일\Element</Filter>
    </ClCompile>
    <ClCompile Include="SourceReader.cpp">
      <Filter>소스 파일\SourceReader</Filter>
    </ClCompile>
    <ClCompile Include="pch.cpp">
      <Filter>PCH</Filter>
    </ClCompile>
    <ClCompile Include="ClassDeclarationNode.cpp">
      <Filter>소스 파일\Parser\ParseTreeNode\Declaration</Filter>
    </ClCompile>
    <ClCompile Include="FunctionDeclarationNode.cpp">
      <Filter>소스 파일\Parser\ParseTreeNode\Declaration</Filter>
    </ClCompile>
    <ClCompile Include="StructDeclarationNode.cpp">
      <Filter>소스 파일\Parser\ParseTreeNode\Declaration</Filter>
    </ClCompile>
    <ClCompile Include="FieldNode.cpp">
      <Filter>소스 파일\Parser\ParseTreeNode\Inner</Filter>
    </ClCompile>
    <ClCompile Include="FunctionRequirementNode.cpp">
      <Filter>소스 파일\Parser\ParseTreeNode\Inner</Filter>
    </ClCompile>
    <ClCompile Include="ExpressionNode.cpp">
      <Filter>소스 파일\Parser\ParseTreeNode\Expression</Filter>
    </ClCompile>
    <ClCompile Include="EntryNode.cpp">
      <Filter>소스 파일\Parser\ParseTreeNode\Expression</Filter>
    </ClCompile>
    <ClCompile Include="L1Graph.cpp">
      <Filter>소스 파일\SemanticAnalyzer\Graph</Filter>
    </ClCompile>
    <ClCompile Include="OperationNode.cpp">
      <Filter>소스 파일\Parser\ParseTreeNode\Expression</Filter>
    </ClCompile>
    <ClCompile Include="L2Graph.cpp">
      <Filter>소스 파일\SemanticAnalyzer\Graph</Filter>
    </ClCompile>
    <ClCompile Include="L3Graph.cpp">
      <Filter>소스 파일\SemanticAnalyzer\Graph</Filter>
    </ClCompile>
    <ClCompile Include="L4Graph.cpp">
      <Filter>소스 파일\SemanticAnalyzer\Graph</Filter>
    </ClCompile>
  </ItemGroup>
  <ItemGroup>
    <None Include="..\sample.flowx" />
    <None Include="..\sample.ll" />
  </ItemGroup>
  <ItemGroup>
    <ClInclude Include="CodeGenerator.h">
      <Filter>헤더 파일\CodeGenerator</Filter>
    </ClInclude>
    <ClInclude Include="Parser.h">
      <Filter>헤더 파일\Parser</Filter>
    </ClInclude>
    <ClInclude Include="ParseTreeNode.h">
      <Filter>헤더 파일\Parser\ParseTree</Filter>
    </ClInclude>
    <ClInclude Include="ProgramNode.h">
      <Filter>헤더 파일\Parser\ParseTree</Filter>
    </ClInclude>
    <ClInclude Include="Lexer.h">
      <Filter>헤더 파일\Lexer</Filter>
    </ClInclude>
    <ClInclude Include="pch.h">
      <Filter>PCH</Filter>
    </ClInclude>
    <ClInclude Include="Token.h">
      <Filter>헤더 파일\Element</Filter>
    </ClInclude>
    <ClInclude Include="TypeReference.h">
      <Filter>헤더 파일\Element</Filter>
    </ClInclude>
    <ClInclude Include="PrimitiveType.h">
      <Filter>헤더 파일\Element</Filter>
    </ClInclude>
    <ClInclude Include="SourceReader.h">
      <Filter>헤더 파일\SourceReader</Filter>
    </ClInclude>
    <ClInclude Include="SemanticAnalyzer.h">
      <Filter>헤더 파일\SemanticAnalyzer</Filter>
    </ClInclude>
    <ClInclude Include="SemanticModel.h">
      <Filter>헤더 파일\SemanticAnalyzer</Filter>
    </ClInclude>
    <ClInclude Include="Parameter.h">
      <Filter>헤더 파일\Element</Filter>
    </ClInclude>
    <ClInclude Include="ClassDeclarationNode.h">
      <Filter>헤더 파일\Parser\ParseTree\Declaration</Filter>
    </ClInclude>
    <ClInclude Include="FunctionDeclarationNode.h">
      <Filter>헤더 파일\Parser\ParseTree\Declaration</Filter>
    </ClInclude>
    <ClInclude Include="StructDeclarationNode.h">
      <Filter>헤더 파일\Parser\ParseTree\Declaration</Filter>
    </ClInclude>
    <ClInclude Include="FieldNode.h">
      <Filter>헤더 파일\Parser\ParseTree\Inner</Filter>
    </ClInclude>
    <ClInclude Include="FunctionRequirementNode.h">
      <Filter>헤더 파일\Parser\ParseTree\Inner</Filter>
    </ClInclude>
    <ClInclude Include="ExpressionNode.h">
      <Filter>헤더 파일\Parser\ParseTree\Expression</Filter>
    </ClInclude>
    <ClInclude Include="EntryNode.h">
      <Filter>헤더 파일\Parser\ParseTree\Expression</Filter>
    </ClInclude>
    <ClInclude Include="L1Graph.h">
      <Filter>헤더 파일\SemanticAnalyzer\Graph</Filter>
    </ClInclude>
    <ClInclude Include="L2Graph.h">
      <Filter>헤더 파일\SemanticAnalyzer\Graph</Filter>
    </ClInclude>
    <ClInclude Include="OperationNode.h">
      <Filter>헤더 파일\Parser\ParseTree\Expression</Filter>
    </ClInclude>
    <ClInclude Include="SymbolTable.h">
      <Filter>헤더 파일\SemanticAnalyzer</Filter>
    </ClInclude>
    <ClInclude Include="TypeTuple.h">
      <Filter>헤더 파일\SemanticAnalyzer</Filter>
    </ClInclude>
    <ClInclude Include="L3Graph.h">
      <Filter>헤더 파일\SemanticAnalyzer\Graph</Filter>
    </ClInclude>
    <ClInclude Include="L4Graph.h">
      <Filter>헤더 파일\SemanticAnalyzer\Graph</Filter>
    </ClInclude>
    <ClInclude Include="BuiltinFunctions.h">
      <Filter>헤더 파일\SemanticAnalyzer</Filter>
    </ClInclude>
  </ItemGroup>
</Project>